dependencies:
- name: redis
  repository: oci://registry-1.docker.io/cloudpirates
  version: 0.1.5
- name: psmdb-db
  repository: https://percona.github.io/percona-helm-charts
  version: 1.20.1
- name: kafka-ui
  repository: https://provectus.github.io/kafka-ui-charts
  version: 0.7.6
- name: cluster
  repository: https://cloudnative-pg.io/charts/
  version: 0.3.1
- name: keycloakx
  repository: https://codecentric.github.io/helm-charts
  version: 7.1.2
- name: grafana
  repository: https://grafana.github.io/helm-charts
  version: 9.3.4
- name: loki
  repository: https://grafana.github.io/helm-charts
  version: 6.33.0
- name: ingress-nginx
  repository: https://kubernetes.github.io/ingress-nginx
  version: 4.9.1
- name: camunda-platform
  repository: https://helm.camunda.io
  version: 10.0.2
- name: influxdb2
  repository: https://helm.influxdata.com
  version: 2.1.2
- name: orion
  repository: https://fiware.github.io/helm-charts/
  version: 1.3.0
- name: docker-registry-ui
  repository: https://helm.joxit.dev
  version: 1.1.3
- name: tempo
  repository: https://grafana.github.io/helm-charts
  version: 1.23.3
- name: ollama
  repository: https://otwld.github.io/ollama-helm
  version: 1.16.0
digest: sha256:3bf9bbb616b23651767cab772ee9394a88be1c60ec9366e29b05fe75eeac1b9b
generated: "2026-01-16T11:47:13.3853456+02:00"
