dependencies:
- name: redis
  repository: oci://registry-1.docker.io/cloudpirates
  version: 0.1.5
- name: psmdb-db
  repository: https://percona.github.io/percona-helm-charts
  version: 1.20.1
- name: kafka-ui
  repository: https://provectus.github.io/kafka-ui-charts
  version: 0.7.6
- name: pg-db
  repository: https://percona.github.io/percona-helm-charts/
  version: 2.7.0
- name: keycloakx
  repository: https://codecentric.github.io/helm-charts
  version: 7.1.2
- name: grafana
  repository: https://grafana.github.io/helm-charts
  version: 9.3.4
- name: loki
  repository: https://grafana.github.io/helm-charts
  version: 6.33.0
- name: ingress-nginx
  repository: https://kubernetes.github.io/ingress-nginx
  version: 4.9.1
- name: camunda-platform
  repository: https://helm.camunda.io
  version: 10.0.2
- name: influxdb2
  repository: https://helm.influxdata.com
  version: 2.1.2
- name: orion
  repository: https://fiware.github.io/helm-charts/
  version: 1.3.0
- name: docker-registry-ui
  repository: https://helm.joxit.dev
  version: 1.1.3
- name: tempo
  repository: https://grafana.github.io/helm-charts
  version: 1.23.3
- name: ollama
  repository: https://otwld.github.io/ollama-helm
  version: 1.16.0
digest: sha256:58f68d7c3e4b9e457130f43b4cc6f136f87622c0b0cfd5df5f2f9610315b0e89
generated: "2025-12-23T11:45:00.180204867+02:00"
