dependencies:
- name: strimzi-kafka-operator
  repository: https://strimzi.io/charts/
  version: 0.47.0
- name: psmdb-operator
  repository: https://percona.github.io/percona-helm-charts
  version: 1.20.1
- name: cloudnative-pg
  repository: https://cloudnative-pg.io/charts/
  version: 0.26.0
digest: sha256:daebfef371f483f4ba0bd683fdcf01d5a828e717fd40fb5c365b9104d269076a
generated: "2026-01-16T11:25:09.9910142+02:00"
